
Microsoft Visual Studio Solution File, Format Version 12.00
# Visual Studio Version 17
VisualStudioVersion = 17.10.35004.147
MinimumVisualStudioVersion = 10.0.40219.1
Project("{FAE04EC0-301F-11D3-BF4B-00C04F79EFBC}") = "MvcMovie", "MvcMovie\MvcMovie.csproj", "{57DAF98F-6BBE-4F5C-A830-F0467721FC97}"
EndProject
Global
	GlobalSection(SolutionConfigurationPlatforms) = preSolution
		Debug|Any CPU = Debug|Any CPU
		Release|Any CPU = Release|Any CPU
	EndGlobalSection
	GlobalSection(ProjectConfigurationPlatforms) = postSolution
		{57DAF98F-6BBE-4F5C-A830-F0467721FC97}.Debug|Any CPU.ActiveCfg = Debug|Any CPU
		{57DAF98F-6BBE-4F5C-A830-F0467721FC97}.Debug|Any CPU.Build.0 = Debug|Any CPU
		{57DAF98F-6BBE-4F5C-A830-F0467721FC97}.Release|Any CPU.ActiveCfg = Release|Any CPU
		{57DAF98F-6BBE-4F5C-A830-F0467721FC97}.Release|Any CPU.Build.0 = Release|Any CPU
	EndGlobalSection
	GlobalSection(SolutionProperties) = preSolution
		HideSolutionNode = FALSE
	EndGlobalSection
	GlobalSection(ExtensibilityGlobals) = postSolution
		SolutionGuid = {DF2C4B5E-F0F1-4353-8EB6-4DD19772ED10}
	EndGlobalSection
EndGlobal
